
Microsoft Visual Studio Solution File, Format Version 12.00
# Visual Studio Version 16
VisualStudioVersion = 16.0.29215.179
MinimumVisualStudioVersion = 10.0.40219.1
Project("{9A19103F-16F7-4668-BE54-9A1E7A4F7556}") = "ToDoApi", "ToDoApi\ToDoApi.csproj", "{554FA502-A8CB-42A6-8326-49747F069CB3}"
EndProject
Project("{9A19103F-16F7-4668-BE54-9A1E7A4F7556}") = "Core", "Core\Core.csproj", "{EA704998-30A1-421E-B404-7C76CC7172CE}"
EndProject
Project("{9A19103F-16F7-4668-BE54-9A1E7A4F7556}") = "ToDo.Infrastructure", "ToDo.Infrastructure\ToDo.Infrastructure.csproj", "{DF6D9EE9-72CB-47C9-A62D-C85A459F7366}"
EndProject
Global
	GlobalSection(SolutionConfigurationPlatforms) = preSolution
		Debug|Any CPU = Debug|Any CPU
		Release|Any CPU = Release|Any CPU
	EndGlobalSection
	GlobalSection(ProjectConfigurationPlatforms) = postSolution
		{554FA502-A8CB-42A6-8326-49747F069CB3}.Debug|Any CPU.ActiveCfg = Debug|Any CPU
		{554FA502-A8CB-42A6-8326-49747F069CB3}.Debug|Any CPU.Build.0 = Debug|Any CPU
		{554FA502-A8CB-42A6-8326-49747F069CB3}.Release|Any CPU.ActiveCfg = Release|Any CPU
		{554FA502-A8CB-42A6-8326-49747F069CB3}.Release|Any CPU.Build.0 = Release|Any CPU
		{EA704998-30A1-421E-B404-7C76CC7172CE}.Debug|Any CPU.ActiveCfg = Debug|Any CPU
		{EA704998-30A1-421E-B404-7C76CC7172CE}.Debug|Any CPU.Build.0 = Debug|Any CPU
		{EA704998-30A1-421E-B404-7C76CC7172CE}.Release|Any CPU.ActiveCfg = Release|Any CPU
		{EA704998-30A1-421E-B404-7C76CC7172CE}.Release|Any CPU.Build.0 = Release|Any CPU
		{DF6D9EE9-72CB-47C9-A62D-C85A459F7366}.Debug|Any CPU.ActiveCfg = Debug|Any CPU
		{DF6D9EE9-72CB-47C9-A62D-C85A459F7366}.Debug|Any CPU.Build.0 = Debug|Any CPU
		{DF6D9EE9-72CB-47C9-A62D-C85A459F7366}.Release|Any CPU.ActiveCfg = Release|Any CPU
		{DF6D9EE9-72CB-47C9-A62D-C85A459F7366}.Release|Any CPU.Build.0 = Release|Any CPU
	EndGlobalSection
	GlobalSection(SolutionProperties) = preSolution
		HideSolutionNode = FALSE
	EndGlobalSection
	GlobalSection(ExtensibilityGlobals) = postSolution
		SolutionGuid = {53DDC9DB-C7B9-45E9-828D-DC88A9269FC9}
	EndGlobalSection
EndGlobal
